
Microsoft Visual Studio Solution File, Format Version 12.00
# Visual Studio Version 16
VisualStudioVersion = 16.0.32413.511
MinimumVisualStudioVersion = 10.0.40219.1
Project("{FAE04EC0-301F-11D3-BF4B-00C04F79EFBC}") = "WindowsFormsApp_CustomTabControl", "WindowsFormsApp_CustomTabControl\WindowsFormsApp_CustomTabControl.csproj", "{755568F5-33E4-44B0-AA3A-D727A43EAFEB}"
EndProject
Global
	GlobalSection(SolutionConfigurationPlatforms) = preSolution
		Debug|Any CPU = Debug|Any CPU
		Release|Any CPU = Release|Any CPU
	EndGlobalSection
	GlobalSection(ProjectConfigurationPlatforms) = postSolution
		{755568F5-33E4-44B0-AA3A-D727A43EAFEB}.Debug|Any CPU.ActiveCfg = Debug|Any CPU
		{755568F5-33E4-44B0-AA3A-D727A43EAFEB}.Debug|Any CPU.Build.0 = Debug|Any CPU
		{755568F5-33E4-44B0-AA3A-D727A43EAFEB}.Release|Any CPU.ActiveCfg = Release|Any CPU
		{755568F5-33E4-44B0-AA3A-D727A43EAFEB}.Release|Any CPU.Build.0 = Release|Any CPU
	EndGlobalSection
	GlobalSection(SolutionProperties) = preSolution
		HideSolutionNode = FALSE
	EndGlobalSection
	GlobalSection(ExtensibilityGlobals) = postSolution
		SolutionGuid = {89FC680E-6295-4088-8249-32F7E797F12E}
	EndGlobalSection
EndGlobal
